
Microsoft Visual Studio Solution File, Format Version 12.00
# Visual Studio Version 17
VisualStudioVersion = 17.9.34728.123
MinimumVisualStudioVersion = 10.0.40219.1
Project("{9A19103F-16F7-4668-BE54-9A1E7A4F7556}") = "TeacherComputerRetrieval", "TeacherComputerRetrieval\TeacherComputerRetrieval.csproj", "{71235589-3624-408E-ADE2-CEEA5C2CF2F5}"
EndProject
Project("{9A19103F-16F7-4668-BE54-9A1E7A4F7556}") = "TeacherComputerRetrieval.Tests", "Test.TeacherComputerRetrieval\TeacherComputerRetrieval.Tests.csproj", "{99C94280-93E0-4D07-BE7A-EEE6094F3FB8}"
EndProject
Global
	GlobalSection(SolutionConfigurationPlatforms) = preSolution
		Debug|Any CPU = Debug|Any CPU
		Release|Any CPU = Release|Any CPU
	EndGlobalSection
	GlobalSection(ProjectConfigurationPlatforms) = postSolution
		{71235589-3624-408E-ADE2-CEEA5C2CF2F5}.Debug|Any CPU.ActiveCfg = Debug|Any CPU
		{71235589-3624-408E-ADE2-CEEA5C2CF2F5}.Debug|Any CPU.Build.0 = Debug|Any CPU
		{71235589-3624-408E-ADE2-CEEA5C2CF2F5}.Release|Any CPU.ActiveCfg = Release|Any CPU
		{71235589-3624-408E-ADE2-CEEA5C2CF2F5}.Release|Any CPU.Build.0 = Release|Any CPU
		{99C94280-93E0-4D07-BE7A-EEE6094F3FB8}.Debug|Any CPU.ActiveCfg = Debug|Any CPU
		{99C94280-93E0-4D07-BE7A-EEE6094F3FB8}.Debug|Any CPU.Build.0 = Debug|Any CPU
		{99C94280-93E0-4D07-BE7A-EEE6094F3FB8}.Release|Any CPU.ActiveCfg = Release|Any CPU
		{99C94280-93E0-4D07-BE7A-EEE6094F3FB8}.Release|Any CPU.Build.0 = Release|Any CPU
	EndGlobalSection
	GlobalSection(SolutionProperties) = preSolution
		HideSolutionNode = FALSE
	EndGlobalSection
	GlobalSection(ExtensibilityGlobals) = postSolution
		SolutionGuid = {CDD8FB23-F1A9-4CB7-B03E-25A2F1EC0112}
	EndGlobalSection
EndGlobal
